
Microsoft Visual Studio Solution File, Format Version 12.00
# Visual Studio Version 17
VisualStudioVersion = 17.6.33815.320
MinimumVisualStudioVersion = 10.0.40219.1
Project("{FAE04EC0-301F-11D3-BF4B-00C04F79EFBC}") = "Project-Calculator", "Project-Calculator\Project-Calculator.csproj", "{A583AEBD-D8C9-4BB2-B5E6-8BEE342FE471}"
EndProject
Global
	GlobalSection(SolutionConfigurationPlatforms) = preSolution
		Debug|Any CPU = Debug|Any CPU
		Release|Any CPU = Release|Any CPU
	EndGlobalSection
	GlobalSection(ProjectConfigurationPlatforms) = postSolution
		{A583AEBD-D8C9-4BB2-B5E6-8BEE342FE471}.Debug|Any CPU.ActiveCfg = Debug|Any CPU
		{A583AEBD-D8C9-4BB2-B5E6-8BEE342FE471}.Debug|Any CPU.Build.0 = Debug|Any CPU
		{A583AEBD-D8C9-4BB2-B5E6-8BEE342FE471}.Release|Any CPU.ActiveCfg = Release|Any CPU
		{A583AEBD-D8C9-4BB2-B5E6-8BEE342FE471}.Release|Any CPU.Build.0 = Release|Any CPU
	EndGlobalSection
	GlobalSection(SolutionProperties) = preSolution
		HideSolutionNode = FALSE
	EndGlobalSection
	GlobalSection(ExtensibilityGlobals) = postSolution
		SolutionGuid = {926C3D0D-254E-4691-B1CC-0EEE3DFE7A3F}
	EndGlobalSection
EndGlobal
